
Microsoft Visual Studio Solution File, Format Version 12.00
# Visual Studio Version 17
VisualStudioVersion = 17.10.35013.160
MinimumVisualStudioVersion = 10.0.40219.1
Project("{FAE04EC0-301F-11D3-BF4B-00C04F79EFBC}") = "Proiect - Catalog online", "Proiect - Catalog online\Proiect - Catalog online.csproj", "{3A7E9C60-1967-48A6-BE70-E6FA24A8A5D8}"
EndProject
Global
	GlobalSection(SolutionConfigurationPlatforms) = preSolution
		Debug|Any CPU = Debug|Any CPU
		Release|Any CPU = Release|Any CPU
	EndGlobalSection
	GlobalSection(ProjectConfigurationPlatforms) = postSolution
		{3A7E9C60-1967-48A6-BE70-E6FA24A8A5D8}.Debug|Any CPU.ActiveCfg = Debug|Any CPU
		{3A7E9C60-1967-48A6-BE70-E6FA24A8A5D8}.Debug|Any CPU.Build.0 = Debug|Any CPU
		{3A7E9C60-1967-48A6-BE70-E6FA24A8A5D8}.Release|Any CPU.ActiveCfg = Release|Any CPU
		{3A7E9C60-1967-48A6-BE70-E6FA24A8A5D8}.Release|Any CPU.Build.0 = Release|Any CPU
	EndGlobalSection
	GlobalSection(SolutionProperties) = preSolution
		HideSolutionNode = FALSE
	EndGlobalSection
	GlobalSection(ExtensibilityGlobals) = postSolution
		SolutionGuid = {B0E7B890-BC4F-47CF-A8E3-18EF93A7D6F4}
	EndGlobalSection
EndGlobal
